{
  "name": "service-portal-widget-library",
  "version": "1.0.0",
  "lockfileVersion": 1,
  "requires": true,
  "dependencies": {
    "brew": {
      "version": "0.0.8",
      "resolved": "https://registry.npmjs.org/brew/-/brew-0.0.8.tgz",
      "integrity": "sha1-BBiEDvFSbw61MB7THyKEjXFiTG8="
    },
    "yarn": {
      "version": "1.16.0",
      "resolved": "https://registry.npmjs.org/yarn/-/yarn-1.16.0.tgz",
      "integrity": "sha512-cfemyGlnWKA1zopUUgebTPf8C4WkPIZ+TJmklwcEAJ4u6oWPtJeAzrsamaGGh/+b1XWe8W51yzAImC4AWbWR1g==",
      "dev": true
    }
  }
}
